
Microsoft Visual Studio Solution File, Format Version 12.00
# Visual Studio Version 17
VisualStudioVersion = 17.11.35222.181
MinimumVisualStudioVersion = 10.0.40219.1
Project("{FAE04EC0-301F-11D3-BF4B-00C04F79EFBC}") = "ssh-agent-wsl-proxy", "ssh-agent-wsl-proxy\ssh-agent-wsl-proxy.csproj", "{EE8E474D-440D-451B-8FCB-1FACDB0F935B}"
EndProject
Global
	GlobalSection(SolutionConfigurationPlatforms) = preSolution
		Debug|Any CPU = Debug|Any CPU
		Release|Any CPU = Release|Any CPU
	EndGlobalSection
	GlobalSection(ProjectConfigurationPlatforms) = postSolution
		{EE8E474D-440D-451B-8FCB-1FACDB0F935B}.Debug|Any CPU.ActiveCfg = Debug|Any CPU
		{EE8E474D-440D-451B-8FCB-1FACDB0F935B}.Debug|Any CPU.Build.0 = Debug|Any CPU
		{EE8E474D-440D-451B-8FCB-1FACDB0F935B}.Release|Any CPU.ActiveCfg = Release|Any CPU
		{EE8E474D-440D-451B-8FCB-1FACDB0F935B}.Release|Any CPU.Build.0 = Release|Any CPU
	EndGlobalSection
	GlobalSection(SolutionProperties) = preSolution
		HideSolutionNode = FALSE
	EndGlobalSection
	GlobalSection(ExtensibilityGlobals) = postSolution
		SolutionGuid = {D011C741-01D1-4AFF-A8BB-5FA42D319F04}
	EndGlobalSection
EndGlobal
